{
    "_readme": [
        "This file locks the dependencies of your project to a known state",
        "Read more about it at https://getcomposer.org/doc/01-basic-usage.md#composer-lock-the-lock-file",
        "This file is @generated automatically"
    ],
    "hash": "147cd73b7f0c8b0f0eb3bac1d79dbe3a",
    "content-hash": "75a0cbd07f3a61720809e918fc0964ab",
    "packages": [
        {
            "name": "ammarfaizi2/ai",
            "version": "dev-master",
            "source": {
                "type": "git",
                "url": "https://github.com/ammarfaizi2/AI.git",
                "reference": "00774906cbecf5134285e02a85d544ae707d089e"
            },
            "dist": {
                "type": "zip",
                "url": "https://api.github.com/repos/ammarfaizi2/AI/zipball/00774906cbecf5134285e02a85d544ae707d089e",
                "reference": "00774906cbecf5134285e02a85d544ae707d089e",
                "shasum": ""
            },
            "require": {
                "ammarfaizi2/ratools": "dev-master"
            },
            "type": "project",
            "autoload": {
                "psr-0": {
                    "App": "src/",
                    "System": "src/"
                }
            },
            "notification-url": "https://packagist.org/downloads/",
            "license": [
                "RedAngel PHP Concept"
            ],
            "authors": [
                {
                    "name": "Ammar Faizi",
                    "email": "ammarfaizi2@gmail.com"
                }
            ],
            "description": "AI",
            "time": "2017-05-05 12:58:15"
        },
        {
            "name": "ammarfaizi2/ratools",
            "version": "dev-master",
            "source": {
                "type": "git",
                "url": "https://github.com/ammarfaizi2/RA_Tools.git",
                "reference": "87e634b88f935118e21bb874fe761ae089f8eb78"
            },
            "dist": {
                "type": "zip",
                "url": "https://api.github.com/repos/ammarfaizi2/RA_Tools/zipball/87e634b88f935118e21bb874fe761ae089f8eb78",
                "reference": "87e634b88f935118e21bb874fe761ae089f8eb78",
                "shasum": ""
            },
            "require": {
                "php": ">=5.4.0"
            },
            "type": "project",
            "autoload": {
                "psr-0": {
                    "Curl": "src/"
                }
            },
            "notification-url": "https://packagist.org/downloads/",
            "license": [
                "RedAngel PHP Concept"
            ],
            "authors": [
                {
                    "name": "Ammar Faizi",
                    "email": "ammarfaizi2@gmail.com"
                }
            ],
            "description": "RA Tools",
            "time": "2017-05-05 12:00:49"
        }
    ],
    "packages-dev": [],
    "aliases": [],
    "minimum-stability": "dev",
    "stability-flags": {
        "ammarfaizi2/ai": 20
    },
    "prefer-stable": false,
    "prefer-lowest": false,
    "platform": [],
    "platform-dev": []
}
