{
    "_readme": [
        "This file locks the dependencies of your project to a known state",
        "Read more about it at https://getcomposer.org/doc/01-basic-usage.md#composer-lock-the-lock-file",
        "This file is @generated automatically"
    ],
    "hash": "096bc1afe1440238abd605e3feb3ee53",
    "content-hash": "75a0cbd07f3a61720809e918fc0964ab",
    "packages": [
        {
            "name": "ammarfaizi2/ai",
            "version": "dev-master",
            "source": {
                "type": "git",
                "url": "https://github.com/CraynerSystem/AI.git",
                "reference": "d8e98bf757113ea0f49fdeb8c97e29cbacb0a8a8"
            },
            "dist": {
                "type": "zip",
                "url": "https://api.github.com/repos/CraynerSystem/AI/zipball/d8e98bf757113ea0f49fdeb8c97e29cbacb0a8a8",
                "reference": "d8e98bf757113ea0f49fdeb8c97e29cbacb0a8a8",
                "shasum": ""
            },
            "require": {
                "ammarfaizi2/curl": "dev-master",
                "php-ai/php-ml": "^0.4.1"
            },
            "require-dev": {
                "phpunit/phpunit": "^6.1"
            },
            "type": "library",
            "autoload": {
                "psr-0": {
                    "AI": "src/",
                    "App": "src/",
                    "System": "src/"
                },
                "files": [
                    "config.php"
                ]
            },
            "notification-url": "https://packagist.org/downloads/",
            "license": [
                "BSD"
            ],
            "authors": [
                {
                    "name": "Ammar Faizi",
                    "email": "ammarfaizi2@gmail.com"
                }
            ],
            "description": "AI",
            "keywords": [
                "Artificial Inteligence",
                "ai"
            ],
            "time": "2017-07-09 07:00:04"
        },
        {
            "name": "ammarfaizi2/curl",
            "version": "dev-master",
            "source": {
                "type": "git",
                "url": "https://github.com/ammarfaizi2/php-curl.git",
                "reference": "2ccc39d80cfc044fca4e1c4f610c27e04e1dc816"
            },
            "dist": {
                "type": "zip",
                "url": "https://api.github.com/repos/ammarfaizi2/php-curl/zipball/2ccc39d80cfc044fca4e1c4f610c27e04e1dc816",
                "reference": "2ccc39d80cfc044fca4e1c4f610c27e04e1dc816",
                "shasum": ""
            },
            "type": "package",
            "autoload": {
                "classmap": [
                    "src"
                ]
            },
            "notification-url": "https://packagist.org/downloads/",
            "license": [
                "MIT"
            ],
            "authors": [
                {
                    "name": "Ammar Faizi",
                    "email": "ammarfaizi2@gmail.com"
                }
            ],
            "description": "PHP Curl",
            "time": "2017-07-07 07:03:59"
        },
        {
            "name": "php-ai/php-ml",
            "version": "0.4.1",
            "source": {
                "type": "git",
                "url": "https://github.com/php-ai/php-ml.git",
                "reference": "39747efdc1ff781939c45f321475f00f71ef3172"
            },
            "dist": {
                "type": "zip",
                "url": "https://api.github.com/repos/php-ai/php-ml/zipball/39747efdc1ff781939c45f321475f00f71ef3172",
                "reference": "39747efdc1ff781939c45f321475f00f71ef3172",
                "shasum": ""
            },
            "require": {
                "php": ">=7.0.0"
            },
            "require-dev": {
                "phpunit/phpunit": "^6.0"
            },
            "type": "library",
            "autoload": {
                "psr-0": {
                    "Phpml": "src/"
                }
            },
            "notification-url": "https://packagist.org/downloads/",
            "license": [
                "MIT"
            ],
            "authors": [
                {
                    "name": "Arkadiusz Kondas",
                    "email": "arkadiusz.kondas@gmail.com"
                }
            ],
            "description": "PHP-ML - Machine Learning library for PHP",
            "homepage": "https://github.com/php-ai/php-ml",
            "keywords": [
                "Neural network",
                "artificial intelligence",
                "computational learning theory",
                "data science",
                "feature extraction",
                "machine learning",
                "pattern recognition"
            ],
            "time": "2017-03-05 15:45:48"
        }
    ],
    "packages-dev": [],
    "aliases": [],
    "minimum-stability": "dev",
    "stability-flags": {
        "ammarfaizi2/ai": 20
    },
    "prefer-stable": false,
    "prefer-lowest": false,
    "platform": [],
    "platform-dev": []
}
